
Microsoft Visual Studio Solution File, Format Version 12.00
Project("{FAE04EC0-301F-11D3-BF4B-00C04F79EFBC}") = "MyMicroservice", "MyMicroservice\MyMicroservice.csproj", "{084EAC70-F427-4514-BABA-B7E844B2CDF3}"
EndProject
Global
	GlobalSection(SolutionConfigurationPlatforms) = preSolution
		Debug|Any CPU = Debug|Any CPU
		Release|Any CPU = Release|Any CPU
	EndGlobalSection
	GlobalSection(ProjectConfigurationPlatforms) = postSolution
		{084EAC70-F427-4514-BABA-B7E844B2CDF3}.Debug|Any CPU.ActiveCfg = Debug|Any CPU
		{084EAC70-F427-4514-BABA-B7E844B2CDF3}.Debug|Any CPU.Build.0 = Debug|Any CPU
		{084EAC70-F427-4514-BABA-B7E844B2CDF3}.Release|Any CPU.ActiveCfg = Release|Any CPU
		{084EAC70-F427-4514-BABA-B7E844B2CDF3}.Release|Any CPU.Build.0 = Release|Any CPU
	EndGlobalSection
EndGlobal
